
Microsoft Visual Studio Solution File, Format Version 12.00
# Visual Studio 15
VisualStudioVersion = 15.0.27703.2026
MinimumVisualStudioVersion = 10.0.40219.1
Project("{FAE04EC0-301F-11D3-BF4B-00C04F79EFBC}") = "ProtobufExample", "ProtobufExample\ProtobufExample.csproj", "{66FE6C1B-7714-4351-A026-B7DF09C8DA12}"
EndProject
Global
	GlobalSection(SolutionConfigurationPlatforms) = preSolution
		Debug|Any CPU = Debug|Any CPU
		Release|Any CPU = Release|Any CPU
	EndGlobalSection
	GlobalSection(ProjectConfigurationPlatforms) = postSolution
		{66FE6C1B-7714-4351-A026-B7DF09C8DA12}.Debug|Any CPU.ActiveCfg = Debug|Any CPU
		{66FE6C1B-7714-4351-A026-B7DF09C8DA12}.Debug|Any CPU.Build.0 = Debug|Any CPU
		{66FE6C1B-7714-4351-A026-B7DF09C8DA12}.Release|Any CPU.ActiveCfg = Release|Any CPU
		{66FE6C1B-7714-4351-A026-B7DF09C8DA12}.Release|Any CPU.Build.0 = Release|Any CPU
	EndGlobalSection
	GlobalSection(SolutionProperties) = preSolution
		HideSolutionNode = FALSE
	EndGlobalSection
	GlobalSection(ExtensibilityGlobals) = postSolution
		SolutionGuid = {389C6EF6-FF07-4FA8-9C0D-789D4C50D389}
	EndGlobalSection
EndGlobal
